
Microsoft Visual Studio Solution File, Format Version 12.00
# Visual Studio Version 17
VisualStudioVersion = 17.5.33530.505
MinimumVisualStudioVersion = 10.0.40219.1
Project("{9A19103F-16F7-4668-BE54-9A1E7A4F7556}") = "DiegoG.ToolSite.Server", "DiegoG.ToolSite\Server\DiegoG.ToolSite.Server.csproj", "{2D54AE1F-66EA-4466-8400-F834D674DCB9}"
EndProject
Project("{9A19103F-16F7-4668-BE54-9A1E7A4F7556}") = "DiegoG.ToolSite.Client", "DiegoG.ToolSite\Client\DiegoG.ToolSite.Client.csproj", "{F3D3CD21-CB1D-4722-8D70-1F7235723E6E}"
EndProject
Project("{9A19103F-16F7-4668-BE54-9A1E7A4F7556}") = "DiegoG.ToolSite.Shared", "DiegoG.ToolSite\Shared\DiegoG.ToolSite.Shared.csproj", "{6896D68D-E0DE-4FEB-8CFC-60C122D70310}"
EndProject
Project("{9A19103F-16F7-4668-BE54-9A1E7A4F7556}") = "ToolSite.Tests", "ToolSite.Tests\ToolSite.Tests.csproj", "{001ABA3E-4CC6-4983-99A6-C1F6ECA8425F}"
EndProject
Project("{9A19103F-16F7-4668-BE54-9A1E7A4F7556}") = "DiegoG.REST.Json", "..\DiegoG.REST\DiegoG.REST.Json\DiegoG.REST.Json.csproj", "{B69F87DA-BCD1-4364-B0F3-647B3A471D3C}"
EndProject
Project("{2150E333-8FDC-42A3-9474-1A3956D46DE8}") = "Dependencies", "Dependencies", "{CCEBFB99-DD0E-4CB8-916C-5FFC0E2B4FC7}"
EndProject
Project("{9A19103F-16F7-4668-BE54-9A1E7A4F7556}") = "DiegoG.REST", "..\DiegoG.REST\DiegoG.REST\DiegoG.REST.csproj", "{CEE17BC3-8DB1-4852-A5C4-537CD1F71032}"
EndProject
Project("{9A19103F-16F7-4668-BE54-9A1E7A4F7556}") = "DiegoG.REST.ASPNET", "..\DiegoG.REST\DiegoG.REST.ASPNET\DiegoG.REST.ASPNET.csproj", "{3CD36981-C46B-4183-BEE4-EF01CEB9CFAF}"
EndProject
Project("{2150E333-8FDC-42A3-9474-1A3956D46DE8}") = "Testing", "Testing", "{E967FB0F-6FD6-47CE-BD44-2A0DC2753C62}"
EndProject
Project("{FAE04EC0-301F-11D3-BF4B-00C04F79EFBC}") = "Sandbox", "Sandbox\Sandbox.csproj", "{1B9C8F30-7FBA-4438-AF6A-F4F48966E068}"
EndProject
Global
	GlobalSection(SolutionConfigurationPlatforms) = preSolution
		Debug|Any CPU = Debug|Any CPU
		Release|Any CPU = Release|Any CPU
	EndGlobalSection
	GlobalSection(ProjectConfigurationPlatforms) = postSolution
		{2D54AE1F-66EA-4466-8400-F834D674DCB9}.Debug|Any CPU.ActiveCfg = Debug|Any CPU
		{2D54AE1F-66EA-4466-8400-F834D674DCB9}.Debug|Any CPU.Build.0 = Debug|Any CPU
		{2D54AE1F-66EA-4466-8400-F834D674DCB9}.Release|Any CPU.ActiveCfg = Release|Any CPU
		{2D54AE1F-66EA-4466-8400-F834D674DCB9}.Release|Any CPU.Build.0 = Release|Any CPU
		{F3D3CD21-CB1D-4722-8D70-1F7235723E6E}.Debug|Any CPU.ActiveCfg = Debug|Any CPU
		{F3D3CD21-CB1D-4722-8D70-1F7235723E6E}.Debug|Any CPU.Build.0 = Debug|Any CPU
		{F3D3CD21-CB1D-4722-8D70-1F7235723E6E}.Release|Any CPU.ActiveCfg = Release|Any CPU
		{F3D3CD21-CB1D-4722-8D70-1F7235723E6E}.Release|Any CPU.Build.0 = Release|Any CPU
		{6896D68D-E0DE-4FEB-8CFC-60C122D70310}.Debug|Any CPU.ActiveCfg = Debug|Any CPU
		{6896D68D-E0DE-4FEB-8CFC-60C122D70310}.Debug|Any CPU.Build.0 = Debug|Any CPU
		{6896D68D-E0DE-4FEB-8CFC-60C122D70310}.Release|Any CPU.ActiveCfg = Release|Any CPU
		{6896D68D-E0DE-4FEB-8CFC-60C122D70310}.Release|Any CPU.Build.0 = Release|Any CPU
		{001ABA3E-4CC6-4983-99A6-C1F6ECA8425F}.Debug|Any CPU.ActiveCfg = Debug|Any CPU
		{001ABA3E-4CC6-4983-99A6-C1F6ECA8425F}.Debug|Any CPU.Build.0 = Debug|Any CPU
		{001ABA3E-4CC6-4983-99A6-C1F6ECA8425F}.Release|Any CPU.ActiveCfg = Release|Any CPU
		{001ABA3E-4CC6-4983-99A6-C1F6ECA8425F}.Release|Any CPU.Build.0 = Release|Any CPU
		{B69F87DA-BCD1-4364-B0F3-647B3A471D3C}.Debug|Any CPU.ActiveCfg = Debug|Any CPU
		{B69F87DA-BCD1-4364-B0F3-647B3A471D3C}.Debug|Any CPU.Build.0 = Debug|Any CPU
		{B69F87DA-BCD1-4364-B0F3-647B3A471D3C}.Release|Any CPU.ActiveCfg = Release|Any CPU
		{B69F87DA-BCD1-4364-B0F3-647B3A471D3C}.Release|Any CPU.Build.0 = Release|Any CPU
		{CEE17BC3-8DB1-4852-A5C4-537CD1F71032}.Debug|Any CPU.ActiveCfg = Debug|Any CPU
		{CEE17BC3-8DB1-4852-A5C4-537CD1F71032}.Debug|Any CPU.Build.0 = Debug|Any CPU
		{CEE17BC3-8DB1-4852-A5C4-537CD1F71032}.Release|Any CPU.ActiveCfg = Release|Any CPU
		{CEE17BC3-8DB1-4852-A5C4-537CD1F71032}.Release|Any CPU.Build.0 = Release|Any CPU
		{3CD36981-C46B-4183-BEE4-EF01CEB9CFAF}.Debug|Any CPU.ActiveCfg = Debug|Any CPU
		{3CD36981-C46B-4183-BEE4-EF01CEB9CFAF}.Debug|Any CPU.Build.0 = Debug|Any CPU
		{3CD36981-C46B-4183-BEE4-EF01CEB9CFAF}.Release|Any CPU.ActiveCfg = Release|Any CPU
		{3CD36981-C46B-4183-BEE4-EF01CEB9CFAF}.Release|Any CPU.Build.0 = Release|Any CPU
		{1B9C8F30-7FBA-4438-AF6A-F4F48966E068}.Debug|Any CPU.ActiveCfg = Debug|Any CPU
		{1B9C8F30-7FBA-4438-AF6A-F4F48966E068}.Debug|Any CPU.Build.0 = Debug|Any CPU
		{1B9C8F30-7FBA-4438-AF6A-F4F48966E068}.Release|Any CPU.ActiveCfg = Release|Any CPU
		{1B9C8F30-7FBA-4438-AF6A-F4F48966E068}.Release|Any CPU.Build.0 = Release|Any CPU
	EndGlobalSection
	GlobalSection(SolutionProperties) = preSolution
		HideSolutionNode = FALSE
	EndGlobalSection
	GlobalSection(NestedProjects) = preSolution
		{001ABA3E-4CC6-4983-99A6-C1F6ECA8425F} = {E967FB0F-6FD6-47CE-BD44-2A0DC2753C62}
		{B69F87DA-BCD1-4364-B0F3-647B3A471D3C} = {CCEBFB99-DD0E-4CB8-916C-5FFC0E2B4FC7}
		{CEE17BC3-8DB1-4852-A5C4-537CD1F71032} = {CCEBFB99-DD0E-4CB8-916C-5FFC0E2B4FC7}
		{3CD36981-C46B-4183-BEE4-EF01CEB9CFAF} = {CCEBFB99-DD0E-4CB8-916C-5FFC0E2B4FC7}
		{1B9C8F30-7FBA-4438-AF6A-F4F48966E068} = {E967FB0F-6FD6-47CE-BD44-2A0DC2753C62}
	EndGlobalSection
	GlobalSection(ExtensibilityGlobals) = postSolution
		SolutionGuid = {FBF7B125-BE8F-4B9A-8EB5-82F4A986B200}
	EndGlobalSection
EndGlobal
